
Microsoft Visual Studio Solution File, Format Version 12.00
# Visual Studio Version 16
VisualStudioVersion = 16.0.31313.79
MinimumVisualStudioVersion = 10.0.40219.1
Project("{9A19103F-16F7-4668-BE54-9A1E7A4F7556}") = "PaPl.SKS.Package.Services", "src\PaPl.SKS.Package.Services\PaPl.SKS.Package.Services.csproj", "{A06FD4B8-4B4D-4CB1-816B-222B9EFE837A}"
EndProject
Project("{9A19103F-16F7-4668-BE54-9A1E7A4F7556}") = "PaPl.SKS.Package.Services.DTOs", "PaPl.SKS.Package.Services.DTOs\PaPl.SKS.Package.Services.DTOs.csproj", "{A9B96507-C48D-48CF-992F-2562C1C001B9}"
EndProject
Project("{9A19103F-16F7-4668-BE54-9A1E7A4F7556}") = "PaPl.SKS.Package.Services.Test", "PaPl.SKS.Package.Services.NUnit\PaPl.SKS.Package.Services.Test.csproj", "{88AF46B1-B921-46E3-97E4-09C4627B8581}"
EndProject
Project("{9A19103F-16F7-4668-BE54-9A1E7A4F7556}") = "PaPl.SKS.BusinessLogic.Entities", "PaPl.SKS.BusinessLogic.Entities\PaPl.SKS.BusinessLogic.Entities.csproj", "{FAC112B0-9D81-4510-A726-4F4425622373}"
EndProject
Project("{9A19103F-16F7-4668-BE54-9A1E7A4F7556}") = "PaPl.SKS.BusinessLogic.Interfaces", "PaPl.SKS.BusinessLogic.Interfaces\PaPl.SKS.BusinessLogic.Interfaces.csproj", "{37418B78-D095-4EDC-863C-3AFD3B0F1AB7}"
EndProject
Project("{9A19103F-16F7-4668-BE54-9A1E7A4F7556}") = "PaPl.SKS.BusinessLogic", "PaPl.SKS.BusinessLogic\PaPl.SKS.BusinessLogic.csproj", "{F54623D7-48DA-4559-9559-5B942E597575}"
EndProject
Project("{9A19103F-16F7-4668-BE54-9A1E7A4F7556}") = "PaPl.SKS.BusinessLogic.Test", "PaPl.SKS.BusinessLogic.Tests\PaPl.SKS.BusinessLogic.Test.csproj", "{72EACD1D-4B54-433E-AC6C-ED716A3BDD92}"
EndProject
Project("{2150E333-8FDC-42A3-9474-1A3956D46DE8}") = "BusinessLogic", "BusinessLogic", "{DE5E8E63-200D-42C5-94EC-F4EF606C1914}"
EndProject
Project("{2150E333-8FDC-42A3-9474-1A3956D46DE8}") = "Services", "Services", "{8490F8BA-542B-4291-BACF-962BA3F17E5D}"
EndProject
Project("{9A19103F-16F7-4668-BE54-9A1E7A4F7556}") = "PaPl.SKS.DataAccess.Repository", "Repository\PaPl.SKS.DataAccess.Repository.csproj", "{C3612AC1-0FCC-4298-A3BF-8125DB1242B3}"
EndProject
Project("{2150E333-8FDC-42A3-9474-1A3956D46DE8}") = "DataAccess", "DataAccess", "{8F2289E4-1F24-480D-8273-36FE3351038D}"
EndProject
Project("{9A19103F-16F7-4668-BE54-9A1E7A4F7556}") = "PaPl.SKS.DataAccess.Entities", "PaPl.SKS.DataAccess.Entity\PaPl.SKS.DataAccess.Entities.csproj", "{2A089251-363E-4B60-81EE-1777A2FE43EC}"
EndProject
Project("{9A19103F-16F7-4668-BE54-9A1E7A4F7556}") = "PaPl.SKS.DataAccess.Interfaces", "PaPl.SKS.DataAccess.Interface\PaPl.SKS.DataAccess.Interfaces.csproj", "{EECCF61D-E99D-471C-8A6F-14F865B77FD3}"
EndProject
Project("{9A19103F-16F7-4668-BE54-9A1E7A4F7556}") = "PaPl.SKS.DataAccess.Sql", "PaPl.SKS.DataAccess.Sqls\PaPl.SKS.DataAccess.Sql.csproj", "{F199C393-9B40-4F57-946F-CC92C45E016C}"
EndProject
Project("{9A19103F-16F7-4668-BE54-9A1E7A4F7556}") = "PaPl.SKS.DataAccess.Test", "PaPl.SKS.DataAccess.Test\PaPl.SKS.DataAccess.Test.csproj", "{FD2581FA-A75C-46B8-B16A-2250F48C6833}"
EndProject
Project("{9A19103F-16F7-4668-BE54-9A1E7A4F7556}") = "PaPl.SKS.DataAccess.Interfaces.Exceptions", "PaPl.SKS.DataAccess.Interfaces.Exceptions\PaPl.SKS.DataAccess.Interfaces.Exceptions.csproj", "{05DAC2B6-54E3-48E2-9507-C9DC109240FC}"
EndProject
Project("{9A19103F-16F7-4668-BE54-9A1E7A4F7556}") = "PaPl.SKS.BusinessLogic.Interfaces.Exceptions", "PaPl.SKS.BusinessLogic.Interfaces.Exceptions\PaPl.SKS.BusinessLogic.Interfaces.Exceptions.csproj", "{6DBD577A-2DE6-4008-BD70-A8F12403BDBC}"
EndProject
Project("{9A19103F-16F7-4668-BE54-9A1E7A4F7556}") = "PaPl.SKS.ServiceAgent", "PaPl.SKS.ServiceAgent\PaPl.SKS.ServiceAgent.csproj", "{79526CAC-5043-47E1-96D9-D938E0F8CD81}"
EndProject
Project("{9A19103F-16F7-4668-BE54-9A1E7A4F7556}") = "PaPl.SKS.ServiceAgent.Interfaces", "PaPl.SKS.ServiceAgent.Interfaces\PaPl.SKS.ServiceAgent.Interfaces.csproj", "{778DF78D-BD50-4A8E-B7D3-0036DDDA6B7D}"
EndProject
Project("{9A19103F-16F7-4668-BE54-9A1E7A4F7556}") = "PaPl.SKS.ServiceAgent.Test", "PaPl.SKS.ServiceAgent.Test\PaPl.SKS.ServiceAgent.Test.csproj", "{C11C2915-5039-44DA-8CD6-F226A15E118C}"
EndProject
Project("{9A19103F-16F7-4668-BE54-9A1E7A4F7556}") = "PaPl.SKS.Package.Services.Exceptions", "PaPl.SKS.Package.Services.Exceptions\PaPl.SKS.Package.Services.Exceptions.csproj", "{BAA646F3-DFE6-4314-9954-0FE697991B87}"
EndProject
Project("{2150E333-8FDC-42A3-9474-1A3956D46DE8}") = "ServiceAgent", "ServiceAgent", "{92FF4FC4-89FB-4546-83EE-82D28DDA2FBD}"
EndProject
Project("{2150E333-8FDC-42A3-9474-1A3956D46DE8}") = "Webhook", "Webhook", "{8F1E3864-53BF-465D-BA0C-56B769DF9AFE}"
EndProject
Project("{9A19103F-16F7-4668-BE54-9A1E7A4F7556}") = "PaPl.SKS.DataAccess.Webhook", "PaPl.SKS.DataAccess.Webhook\PaPl.SKS.DataAccess.Webhook.csproj", "{329977CC-179F-44E4-9E2B-428CD6ABFBE6}"
EndProject
Project("{9A19103F-16F7-4668-BE54-9A1E7A4F7556}") = "PaPl.SKS.DataAccess.Webhook.Interfaces", "PaPl.SKS.DataAccess.Webhook.Interfaces\PaPl.SKS.DataAccess.Webhook.Interfaces.csproj", "{DAB983D1-2412-4D55-9E11-3E10A8C5A965}"
EndProject
Project("{9A19103F-16F7-4668-BE54-9A1E7A4F7556}") = "IntegrationTests", "IntegrationTests\IntegrationTests.csproj", "{A1EBFC11-E77C-45DA-A6D1-8A8027861D22}"
EndProject
Global
	GlobalSection(SolutionConfigurationPlatforms) = preSolution
		Debug|Any CPU = Debug|Any CPU
		Release|Any CPU = Release|Any CPU
	EndGlobalSection
	GlobalSection(ProjectConfigurationPlatforms) = postSolution
		{A06FD4B8-4B4D-4CB1-816B-222B9EFE837A}.Debug|Any CPU.ActiveCfg = Debug|Any CPU
		{A06FD4B8-4B4D-4CB1-816B-222B9EFE837A}.Debug|Any CPU.Build.0 = Debug|Any CPU
		{A06FD4B8-4B4D-4CB1-816B-222B9EFE837A}.Release|Any CPU.ActiveCfg = Release|Any CPU
		{A06FD4B8-4B4D-4CB1-816B-222B9EFE837A}.Release|Any CPU.Build.0 = Release|Any CPU
		{A9B96507-C48D-48CF-992F-2562C1C001B9}.Debug|Any CPU.ActiveCfg = Debug|Any CPU
		{A9B96507-C48D-48CF-992F-2562C1C001B9}.Debug|Any CPU.Build.0 = Debug|Any CPU
		{A9B96507-C48D-48CF-992F-2562C1C001B9}.Release|Any CPU.ActiveCfg = Release|Any CPU
		{A9B96507-C48D-48CF-992F-2562C1C001B9}.Release|Any CPU.Build.0 = Release|Any CPU
		{88AF46B1-B921-46E3-97E4-09C4627B8581}.Debug|Any CPU.ActiveCfg = Debug|Any CPU
		{88AF46B1-B921-46E3-97E4-09C4627B8581}.Debug|Any CPU.Build.0 = Debug|Any CPU
		{88AF46B1-B921-46E3-97E4-09C4627B8581}.Release|Any CPU.ActiveCfg = Release|Any CPU
		{88AF46B1-B921-46E3-97E4-09C4627B8581}.Release|Any CPU.Build.0 = Release|Any CPU
		{FAC112B0-9D81-4510-A726-4F4425622373}.Debug|Any CPU.ActiveCfg = Debug|Any CPU
		{FAC112B0-9D81-4510-A726-4F4425622373}.Debug|Any CPU.Build.0 = Debug|Any CPU
		{FAC112B0-9D81-4510-A726-4F4425622373}.Release|Any CPU.ActiveCfg = Release|Any CPU
		{FAC112B0-9D81-4510-A726-4F4425622373}.Release|Any CPU.Build.0 = Release|Any CPU
		{37418B78-D095-4EDC-863C-3AFD3B0F1AB7}.Debug|Any CPU.ActiveCfg = Debug|Any CPU
		{37418B78-D095-4EDC-863C-3AFD3B0F1AB7}.Debug|Any CPU.Build.0 = Debug|Any CPU
		{37418B78-D095-4EDC-863C-3AFD3B0F1AB7}.Release|Any CPU.ActiveCfg = Release|Any CPU
		{37418B78-D095-4EDC-863C-3AFD3B0F1AB7}.Release|Any CPU.Build.0 = Release|Any CPU
		{F54623D7-48DA-4559-9559-5B942E597575}.Debug|Any CPU.ActiveCfg = Debug|Any CPU
		{F54623D7-48DA-4559-9559-5B942E597575}.Debug|Any CPU.Build.0 = Debug|Any CPU
		{F54623D7-48DA-4559-9559-5B942E597575}.Release|Any CPU.ActiveCfg = Release|Any CPU
		{F54623D7-48DA-4559-9559-5B942E597575}.Release|Any CPU.Build.0 = Release|Any CPU
		{72EACD1D-4B54-433E-AC6C-ED716A3BDD92}.Debug|Any CPU.ActiveCfg = Debug|Any CPU
		{72EACD1D-4B54-433E-AC6C-ED716A3BDD92}.Debug|Any CPU.Build.0 = Debug|Any CPU
		{72EACD1D-4B54-433E-AC6C-ED716A3BDD92}.Release|Any CPU.ActiveCfg = Release|Any CPU
		{72EACD1D-4B54-433E-AC6C-ED716A3BDD92}.Release|Any CPU.Build.0 = Release|Any CPU
		{C3612AC1-0FCC-4298-A3BF-8125DB1242B3}.Debug|Any CPU.ActiveCfg = Debug|Any CPU
		{C3612AC1-0FCC-4298-A3BF-8125DB1242B3}.Debug|Any CPU.Build.0 = Debug|Any CPU
		{C3612AC1-0FCC-4298-A3BF-8125DB1242B3}.Release|Any CPU.ActiveCfg = Release|Any CPU
		{C3612AC1-0FCC-4298-A3BF-8125DB1242B3}.Release|Any CPU.Build.0 = Release|Any CPU
		{2A089251-363E-4B60-81EE-1777A2FE43EC}.Debug|Any CPU.ActiveCfg = Debug|Any CPU
		{2A089251-363E-4B60-81EE-1777A2FE43EC}.Debug|Any CPU.Build.0 = Debug|Any CPU
		{2A089251-363E-4B60-81EE-1777A2FE43EC}.Release|Any CPU.ActiveCfg = Release|Any CPU
		{2A089251-363E-4B60-81EE-1777A2FE43EC}.Release|Any CPU.Build.0 = Release|Any CPU
		{EECCF61D-E99D-471C-8A6F-14F865B77FD3}.Debug|Any CPU.ActiveCfg = Debug|Any CPU
		{EECCF61D-E99D-471C-8A6F-14F865B77FD3}.Debug|Any CPU.Build.0 = Debug|Any CPU
		{EECCF61D-E99D-471C-8A6F-14F865B77FD3}.Release|Any CPU.ActiveCfg = Release|Any CPU
		{EECCF61D-E99D-471C-8A6F-14F865B77FD3}.Release|Any CPU.Build.0 = Release|Any CPU
		{F199C393-9B40-4F57-946F-CC92C45E016C}.Debug|Any CPU.ActiveCfg = Debug|Any CPU
		{F199C393-9B40-4F57-946F-CC92C45E016C}.Debug|Any CPU.Build.0 = Debug|Any CPU
		{F199C393-9B40-4F57-946F-CC92C45E016C}.Release|Any CPU.ActiveCfg = Release|Any CPU
		{F199C393-9B40-4F57-946F-CC92C45E016C}.Release|Any CPU.Build.0 = Release|Any CPU
		{FD2581FA-A75C-46B8-B16A-2250F48C6833}.Debug|Any CPU.ActiveCfg = Debug|Any CPU
		{FD2581FA-A75C-46B8-B16A-2250F48C6833}.Debug|Any CPU.Build.0 = Debug|Any CPU
		{FD2581FA-A75C-46B8-B16A-2250F48C6833}.Release|Any CPU.ActiveCfg = Release|Any CPU
		{FD2581FA-A75C-46B8-B16A-2250F48C6833}.Release|Any CPU.Build.0 = Release|Any CPU
		{05DAC2B6-54E3-48E2-9507-C9DC109240FC}.Debug|Any CPU.ActiveCfg = Debug|Any CPU
		{05DAC2B6-54E3-48E2-9507-C9DC109240FC}.Debug|Any CPU.Build.0 = Debug|Any CPU
		{05DAC2B6-54E3-48E2-9507-C9DC109240FC}.Release|Any CPU.ActiveCfg = Release|Any CPU
		{05DAC2B6-54E3-48E2-9507-C9DC109240FC}.Release|Any CPU.Build.0 = Release|Any CPU
		{6DBD577A-2DE6-4008-BD70-A8F12403BDBC}.Debug|Any CPU.ActiveCfg = Debug|Any CPU
		{6DBD577A-2DE6-4008-BD70-A8F12403BDBC}.Debug|Any CPU.Build.0 = Debug|Any CPU
		{6DBD577A-2DE6-4008-BD70-A8F12403BDBC}.Release|Any CPU.ActiveCfg = Release|Any CPU
		{6DBD577A-2DE6-4008-BD70-A8F12403BDBC}.Release|Any CPU.Build.0 = Release|Any CPU
		{79526CAC-5043-47E1-96D9-D938E0F8CD81}.Debug|Any CPU.ActiveCfg = Debug|Any CPU
		{79526CAC-5043-47E1-96D9-D938E0F8CD81}.Debug|Any CPU.Build.0 = Debug|Any CPU
		{79526CAC-5043-47E1-96D9-D938E0F8CD81}.Release|Any CPU.ActiveCfg = Release|Any CPU
		{79526CAC-5043-47E1-96D9-D938E0F8CD81}.Release|Any CPU.Build.0 = Release|Any CPU
		{778DF78D-BD50-4A8E-B7D3-0036DDDA6B7D}.Debug|Any CPU.ActiveCfg = Debug|Any CPU
		{778DF78D-BD50-4A8E-B7D3-0036DDDA6B7D}.Debug|Any CPU.Build.0 = Debug|Any CPU
		{778DF78D-BD50-4A8E-B7D3-0036DDDA6B7D}.Release|Any CPU.ActiveCfg = Release|Any CPU
		{778DF78D-BD50-4A8E-B7D3-0036DDDA6B7D}.Release|Any CPU.Build.0 = Release|Any CPU
		{C11C2915-5039-44DA-8CD6-F226A15E118C}.Debug|Any CPU.ActiveCfg = Debug|Any CPU
		{C11C2915-5039-44DA-8CD6-F226A15E118C}.Debug|Any CPU.Build.0 = Debug|Any CPU
		{C11C2915-5039-44DA-8CD6-F226A15E118C}.Release|Any CPU.ActiveCfg = Release|Any CPU
		{C11C2915-5039-44DA-8CD6-F226A15E118C}.Release|Any CPU.Build.0 = Release|Any CPU
		{BAA646F3-DFE6-4314-9954-0FE697991B87}.Debug|Any CPU.ActiveCfg = Debug|Any CPU
		{BAA646F3-DFE6-4314-9954-0FE697991B87}.Debug|Any CPU.Build.0 = Debug|Any CPU
		{BAA646F3-DFE6-4314-9954-0FE697991B87}.Release|Any CPU.ActiveCfg = Release|Any CPU
		{BAA646F3-DFE6-4314-9954-0FE697991B87}.Release|Any CPU.Build.0 = Release|Any CPU
		{329977CC-179F-44E4-9E2B-428CD6ABFBE6}.Debug|Any CPU.ActiveCfg = Debug|Any CPU
		{329977CC-179F-44E4-9E2B-428CD6ABFBE6}.Debug|Any CPU.Build.0 = Debug|Any CPU
		{329977CC-179F-44E4-9E2B-428CD6ABFBE6}.Release|Any CPU.ActiveCfg = Release|Any CPU
		{329977CC-179F-44E4-9E2B-428CD6ABFBE6}.Release|Any CPU.Build.0 = Release|Any CPU
		{DAB983D1-2412-4D55-9E11-3E10A8C5A965}.Debug|Any CPU.ActiveCfg = Debug|Any CPU
		{DAB983D1-2412-4D55-9E11-3E10A8C5A965}.Debug|Any CPU.Build.0 = Debug|Any CPU
		{DAB983D1-2412-4D55-9E11-3E10A8C5A965}.Release|Any CPU.ActiveCfg = Release|Any CPU
		{DAB983D1-2412-4D55-9E11-3E10A8C5A965}.Release|Any CPU.Build.0 = Release|Any CPU
		{A1EBFC11-E77C-45DA-A6D1-8A8027861D22}.Debug|Any CPU.ActiveCfg = Debug|Any CPU
		{A1EBFC11-E77C-45DA-A6D1-8A8027861D22}.Debug|Any CPU.Build.0 = Debug|Any CPU
		{A1EBFC11-E77C-45DA-A6D1-8A8027861D22}.Release|Any CPU.ActiveCfg = Release|Any CPU
		{A1EBFC11-E77C-45DA-A6D1-8A8027861D22}.Release|Any CPU.Build.0 = Release|Any CPU
	EndGlobalSection
	GlobalSection(SolutionProperties) = preSolution
		HideSolutionNode = FALSE
	EndGlobalSection
	GlobalSection(NestedProjects) = preSolution
		{A06FD4B8-4B4D-4CB1-816B-222B9EFE837A} = {8490F8BA-542B-4291-BACF-962BA3F17E5D}
		{A9B96507-C48D-48CF-992F-2562C1C001B9} = {8490F8BA-542B-4291-BACF-962BA3F17E5D}
		{88AF46B1-B921-46E3-97E4-09C4627B8581} = {8490F8BA-542B-4291-BACF-962BA3F17E5D}
		{FAC112B0-9D81-4510-A726-4F4425622373} = {DE5E8E63-200D-42C5-94EC-F4EF606C1914}
		{37418B78-D095-4EDC-863C-3AFD3B0F1AB7} = {DE5E8E63-200D-42C5-94EC-F4EF606C1914}
		{F54623D7-48DA-4559-9559-5B942E597575} = {DE5E8E63-200D-42C5-94EC-F4EF606C1914}
		{72EACD1D-4B54-433E-AC6C-ED716A3BDD92} = {DE5E8E63-200D-42C5-94EC-F4EF606C1914}
		{C3612AC1-0FCC-4298-A3BF-8125DB1242B3} = {8F2289E4-1F24-480D-8273-36FE3351038D}
		{2A089251-363E-4B60-81EE-1777A2FE43EC} = {8F2289E4-1F24-480D-8273-36FE3351038D}
		{EECCF61D-E99D-471C-8A6F-14F865B77FD3} = {8F2289E4-1F24-480D-8273-36FE3351038D}
		{F199C393-9B40-4F57-946F-CC92C45E016C} = {8F2289E4-1F24-480D-8273-36FE3351038D}
		{FD2581FA-A75C-46B8-B16A-2250F48C6833} = {8F2289E4-1F24-480D-8273-36FE3351038D}
		{05DAC2B6-54E3-48E2-9507-C9DC109240FC} = {8F2289E4-1F24-480D-8273-36FE3351038D}
		{6DBD577A-2DE6-4008-BD70-A8F12403BDBC} = {DE5E8E63-200D-42C5-94EC-F4EF606C1914}
		{79526CAC-5043-47E1-96D9-D938E0F8CD81} = {92FF4FC4-89FB-4546-83EE-82D28DDA2FBD}
		{778DF78D-BD50-4A8E-B7D3-0036DDDA6B7D} = {92FF4FC4-89FB-4546-83EE-82D28DDA2FBD}
		{C11C2915-5039-44DA-8CD6-F226A15E118C} = {92FF4FC4-89FB-4546-83EE-82D28DDA2FBD}
		{BAA646F3-DFE6-4314-9954-0FE697991B87} = {8490F8BA-542B-4291-BACF-962BA3F17E5D}
		{8F1E3864-53BF-465D-BA0C-56B769DF9AFE} = {8F2289E4-1F24-480D-8273-36FE3351038D}
		{329977CC-179F-44E4-9E2B-428CD6ABFBE6} = {8F1E3864-53BF-465D-BA0C-56B769DF9AFE}
		{DAB983D1-2412-4D55-9E11-3E10A8C5A965} = {8F1E3864-53BF-465D-BA0C-56B769DF9AFE}
	EndGlobalSection
	GlobalSection(ExtensibilityGlobals) = postSolution
		SolutionGuid = {747F59D1-E5B7-40DB-B17F-3CEE0B5A8418}
	EndGlobalSection
EndGlobal
